
Microsoft Visual Studio Solution File, Format Version 12.00
# Visual Studio Version 16
VisualStudioVersion = 16.0.31911.196
MinimumVisualStudioVersion = 10.0.40219.1
Project("{FAE04EC0-301F-11D3-BF4B-00C04F79EFBC}") = "BadgeItem", "..\..\..\Users\mycjb\source\repos\Badge_Tracker2000\BadgeItem\BadgeItem.csproj", "{7341F5BC-3814-4A00-9BCB-4FCD92A20D84}"
EndProject
Project("{FAE04EC0-301F-11D3-BF4B-00C04F79EFBC}") = "BadgeManager", "..\..\..\Users\mycjb\source\repos\Badge_Tracker2000\BadgeManager\BadgeManager.csproj", "{87CE99C2-62CB-408B-AE93-A4554EE81CE5}"
EndProject
Project("{FAE04EC0-301F-11D3-BF4B-00C04F79EFBC}") = "UnitTestProject1", "..\..\..\Users\mycjb\source\repos\Badge_Tracker2000\UnitTestProject1\UnitTestProject1.csproj", "{9B382039-2647-47E1-A516-A12EC2DD45C8}"
EndProject
Global
	GlobalSection(SolutionConfigurationPlatforms) = preSolution
		Debug|Any CPU = Debug|Any CPU
		Release|Any CPU = Release|Any CPU
	EndGlobalSection
	GlobalSection(ProjectConfigurationPlatforms) = postSolution
		{7341F5BC-3814-4A00-9BCB-4FCD92A20D84}.Debug|Any CPU.ActiveCfg = Debug|Any CPU
		{7341F5BC-3814-4A00-9BCB-4FCD92A20D84}.Debug|Any CPU.Build.0 = Debug|Any CPU
		{7341F5BC-3814-4A00-9BCB-4FCD92A20D84}.Release|Any CPU.ActiveCfg = Release|Any CPU
		{7341F5BC-3814-4A00-9BCB-4FCD92A20D84}.Release|Any CPU.Build.0 = Release|Any CPU
		{87CE99C2-62CB-408B-AE93-A4554EE81CE5}.Debug|Any CPU.ActiveCfg = Debug|Any CPU
		{87CE99C2-62CB-408B-AE93-A4554EE81CE5}.Debug|Any CPU.Build.0 = Debug|Any CPU
		{87CE99C2-62CB-408B-AE93-A4554EE81CE5}.Release|Any CPU.ActiveCfg = Release|Any CPU
		{87CE99C2-62CB-408B-AE93-A4554EE81CE5}.Release|Any CPU.Build.0 = Release|Any CPU
		{9B382039-2647-47E1-A516-A12EC2DD45C8}.Debug|Any CPU.ActiveCfg = Debug|Any CPU
		{9B382039-2647-47E1-A516-A12EC2DD45C8}.Debug|Any CPU.Build.0 = Debug|Any CPU
		{9B382039-2647-47E1-A516-A12EC2DD45C8}.Release|Any CPU.ActiveCfg = Release|Any CPU
		{9B382039-2647-47E1-A516-A12EC2DD45C8}.Release|Any CPU.Build.0 = Release|Any CPU
	EndGlobalSection
	GlobalSection(SolutionProperties) = preSolution
		HideSolutionNode = FALSE
	EndGlobalSection
	GlobalSection(ExtensibilityGlobals) = postSolution
		SolutionGuid = {7D302B46-DAB5-44DC-B7EF-D4D60CC36AF8}
	EndGlobalSection
EndGlobal
